{
  "name": "finder-clone",
  "version": "1.0.010",
  "lockfileVersion": 3,
  "requires": true,
  "packages": {
    "": {
      "name": "finder-clone",
      "version": "1.0.010",
      "license": "ISC",
      "dependencies": {
        "uglify-js": "^3.17.4"
      },
      "devDependencies": {
        "clean-css": "^5.3.3"
      }
    },
    "node_modules/clean-css": {
      "version": "5.3.3",
      "resolved": "https://registry.npmjs.org/clean-css/-/clean-css-5.3.3.tgz",
      "integrity": "sha512-D5J+kHaVb/wKSFcyyV75uCn8fiY4sV38XJoe4CUyGQ+mOU/fMVYUdH1hJC+CJQ5uY3EnW27SbJYS4X8BiLrAFg==",
      "dev": true,
      "dependencies": {
        "source-map": "~0.6.0"
      },
      "engines": {
        "node": ">= 10.0"
      }
    },
    "node_modules/source-map": {
      "version": "0.6.1",
      "resolved": "https://registry.npmjs.org/source-map/-/source-map-0.6.1.tgz",
      "integrity": "sha512-UjgapumWlbMhkBgzT7Ykc5YXUT46F0iKu8SGXq0bcwP5dz/h0Plj6enJqjz1Zbq2l5WaqYnrVbwWOWMyF3F47g==",
      "dev": true,
      "engines": {
        "node": ">=0.10.0"
      }
    },
    "node_modules/uglify-js": {
      "version": "3.17.4",
      "resolved": "https://registry.npmjs.org/uglify-js/-/uglify-js-3.17.4.tgz",
      "integrity": "sha512-T9q82TJI9e/C1TAxYvfb16xO120tMVFZrGA3f9/P4424DNu6ypK103y0GPFVa17yotwSyZW5iYXgjYHkGrJW/g==",
      "bin": {
        "uglifyjs": "bin/uglifyjs"
      },
      "engines": {
        "node": ">=0.8.0"
      }
    }
  }
}
